
Microsoft Visual Studio Solution File, Format Version 12.00
# Visual Studio 2012
Project("{FAE04EC0-301F-11D3-BF4B-00C04F79EFBC}") = "AcceptanceTest", "AcceptanceTest\AcceptanceTest.csproj", "{318095A1-AE08-4694-8CAE-2DE2282CF554}"
EndProject
Project("{FAE04EC0-301F-11D3-BF4B-00C04F79EFBC}") = "SharedStepDefinitions", "SharedStepDefinitions\SharedStepDefinitions.csproj", "{5E2AD1AF-513A-46A4-BB87-AAE6BCC46E6D}"
EndProject
Project("{2150E333-8FDC-42A3-9474-1A3956D46DE8}") = "Solution Items", "Solution Items", "{92547065-46AC-4379-A219-D293859BE354}"
	ProjectSection(SolutionItems) = preProject
		TestSettings1.testsettings = TestSettings1.testsettings
	EndProjectSection
EndProject
Project("{2150E333-8FDC-42A3-9474-1A3956D46DE8}") = ".nuget", ".nuget", "{03B685B8-5D38-4E5A-AA70-81CAD0624B1B}"
	ProjectSection(SolutionItems) = preProject
		.nuget\NuGet.Config = .nuget\NuGet.Config
		.nuget\NuGet.targets = .nuget\NuGet.targets
		.nuget\nuget.exe = .nuget\nuget.exe
	EndProjectSection
EndProject
Global
	GlobalSection(SolutionConfigurationPlatforms) = preSolution
		Debug|Any CPU = Debug|Any CPU
		Release|Any CPU = Release|Any CPU
	EndGlobalSection
	GlobalSection(ProjectConfigurationPlatforms) = postSolution
		{318095A1-AE08-4694-8CAE-2DE2282CF554}.Debug|Any CPU.ActiveCfg = Debug|Any CPU
		{318095A1-AE08-4694-8CAE-2DE2282CF554}.Debug|Any CPU.Build.0 = Debug|Any CPU
		{318095A1-AE08-4694-8CAE-2DE2282CF554}.Release|Any CPU.ActiveCfg = Release|Any CPU
		{318095A1-AE08-4694-8CAE-2DE2282CF554}.Release|Any CPU.Build.0 = Release|Any CPU
		{5E2AD1AF-513A-46A4-BB87-AAE6BCC46E6D}.Debug|Any CPU.ActiveCfg = Debug|Any CPU
		{5E2AD1AF-513A-46A4-BB87-AAE6BCC46E6D}.Debug|Any CPU.Build.0 = Debug|Any CPU
		{5E2AD1AF-513A-46A4-BB87-AAE6BCC46E6D}.Release|Any CPU.ActiveCfg = Release|Any CPU
		{5E2AD1AF-513A-46A4-BB87-AAE6BCC46E6D}.Release|Any CPU.Build.0 = Release|Any CPU
	EndGlobalSection
	GlobalSection(SolutionProperties) = preSolution
		HideSolutionNode = FALSE
	EndGlobalSection
EndGlobal
